Microsoft Visual Studio Solution File, Format Version 12.00
# Visual Studio Version 17
VisualStudioVersion = 17.5.2.0
MinimumVisualStudioVersion = 10.0.40219.1
Project("{FAE04EC0-301F-11D3-BF4B-00C04F79EFBC}") = "SocietiesManagementSystem", "SocietiesManagementSystem\SocietiesManagementSystem.csproj", "{E7D4931F-DA44-3844-86FE-BE7C82508D17}"
EndProject
Global
	GlobalSection(SolutionConfigurationPlatforms) = preSolution
		Debug|Any CPU = Debug|Any CPU
		Release|Any CPU = Release|Any CPU
	EndGlobalSection
	GlobalSection(ProjectConfigurationPlatforms) = postSolution
		{E7D4931F-DA44-3844-86FE-BE7C82508D17}.Debug|Any CPU.ActiveCfg = Debug|Any CPU
		{E7D4931F-DA44-3844-86FE-BE7C82508D17}.Debug|Any CPU.Build.0 = Debug|Any CPU
		{E7D4931F-DA44-3844-86FE-BE7C82508D17}.Release|Any CPU.ActiveCfg = Release|Any CPU
		{E7D4931F-DA44-3844-86FE-BE7C82508D17}.Release|Any CPU.Build.0 = Release|Any CPU
	EndGlobalSection
	GlobalSection(SolutionProperties) = preSolution
		HideSolutionNode = FALSE
	EndGlobalSection
	GlobalSection(ExtensibilityGlobals) = postSolution
		SolutionGuid = {56DDA707-917E-4B37-BFB9-7BC2BA6D1186}
	EndGlobalSection
EndGlobal
